// !$*UTF8*$!
{
	archiveVersion = 1;
	classes = {
	};
	objectVersion = 55;
	objects = {

/* Begin PBXBuildFile section */
		BAD35E1428BDC538001AD062 /* AppDelegate.swift in Sources */ = {isa = PBXBuildFile; fileRef = BAD35E1328BDC538001AD062 /* AppDelegate.swift */; };
		BAD35E1628BDC538001AD062 /* SceneDelegate.swift in Sources */ = {isa = PBXBuildFile; fileRef = BAD35E1528BDC538001AD062 /* SceneDelegate.swift */; };
		BAD35E1828BDC538001AD062 /* ViewController.swift in Sources */ = {isa = PBXBuildFile; fileRef = BAD35E1728BDC538001AD062 /* ViewController.swift */; };
		BAD35E1B28BDC538001AD062 /* Main.storyboard in Resources */ = {isa = PBXBuildFile; fileRef = BAD35E1928BDC538001AD062 /* Main.storyboard */; };
		BAD35E1D28BDC539001AD062 /* Assets.xcassets in Resources */ = {isa = PBXBuildFile; fileRef = BAD35E1C28BDC539001AD062 /* Assets.xcassets */; };
		BAD35E2028BDC539001AD062 /* LaunchScreen.storyboard in Resources */ = {isa = PBXBuildFile; fileRef = BAD35E1E28BDC539001AD062 /* LaunchScreen.storyboard */; };
		BAD35E2B28BDC539001AD062 /* TechPodTests.swift in Sources */ = {isa = PBXBuildFile; fileRef = BAD35E2A28BDC539001AD062 /* TechPodTests.swift */; };
		BAD35E3528BDC539001AD062 /* TechPodUITests.swift in Sources */ = {isa = PBXBuildFile; fileRef = BAD35E3428BDC539001AD062 /* TechPodUITests.swift */; };
		BAD35E3728BDC539001AD062 /* TechPodUITestsLaunchTests.swift in Sources */ = {isa = PBXBuildFile; fileRef = BAD35E3628BDC539001AD062 /* TechPodUITestsLaunchTests.swift */; };
/* End PBXBuildFile section */

/* Begin PBXContainerItemProxy section */
		BAD35E2728BDC539001AD062 /* PBXContainerItemProxy */ = {
			isa = PBXContainerItemProxy;
			containerPortal = BAD35E0828BDC538001AD062 /* Project object */;
			proxyType = 1;
			remoteGlobalIDString = BAD35E0F28BDC538001AD062;
			remoteInfo = TechPod;
		};
		BAD35E3128BDC539001AD062 /* PBXContainerItemProxy */ = {
			isa = PBXContainerItemProxy;
			containerPortal = BAD35E0828BDC538001AD062 /* Project object */;
			proxyType = 1;
			remoteGlobalIDString = BAD35E0F28BDC538001AD062;
			remoteInfo = TechPod;
		};
/* End PBXContainerItemProxy section */

/* Begin PBXFileReference section */
		BAD35E1028BDC538001AD062 /* TechPod.app */ = {isa = PBXFileReference; explicitFileType = wrapper.application; includeInIndex = 0; path = TechPod.app; sourceTree = BUILT_PRODUCTS_DIR; };
		BAD35E1328BDC538001AD062 /* AppDelegate.swift */ = {isa = PBXFileReference; lastKnownFileType = sourcecode.swift; path = AppDelegate.swift; sourceTree = "<group>"; };
		BAD35E1528BDC538001AD062 /* SceneDelegate.swift */ = {isa = PBXFileReference; lastKnownFileType = sourcecode.swift; path = SceneDelegate.swift; sourceTree = "<group>"; };
		BAD35E1728BDC538001AD062 /* ViewController.swift */ = {isa = PBXFileReference; lastKnownFileType = sourcecode.swift; path = ViewController.swift; sourceTree = "<group>"; };
		BAD35E1A28BDC538001AD062 /* Base */ = {isa = PBXFileReference; lastKnownFileType = file.storyboard; name = Base; path = Base.lproj/Main.storyboard; sourceTree = "<group>"; };
		BAD35E1C28BDC539001AD062 /* Assets.xcassets */ = {isa = PBXFileReference; lastKnownFileType = folder.assetcatalog; path = Assets.xcassets; sourceTree = "<group>"; };
		BAD35E1F28BDC539001AD062 /* Base */ = {isa = PBXFileReference; lastKnownFileType = file.storyboard; name = Base; path = Base.lproj/LaunchScreen.storyboard; sourceTree = "<group>"; };
		BAD35E2128BDC539001AD062 /* Info.plist */ = {isa = PBXFileReference; lastKnownFileType = text.plist.xml; path = Info.plist; sourceTree = "<group>"; };
		BAD35E2628BDC539001AD062 /* TechPodTests.xctest */ = {isa = PBXFileReference; explicitFileType = wrapper.cfbundle; includeInIndex = 0; path = TechPodTests.xctest; sourceTree = BUILT_PRODUCTS_DIR; };
		BAD35E2A28BDC539001AD062 /* TechPodTests.swift */ = {isa = PBXFileReference; lastKnownFileType = sourcecode.swift; path = TechPodTests.swift; sourceTree = "<group>"; };
		BAD35E3028BDC539001AD062 /* TechPodUITests.xctest */ = {isa = PBXFileReference; explicitFileType = wrapper.cfbundle; includeInIndex = 0; path = TechPodUITests.xctest; sourceTree = BUILT_PRODUCTS_DIR; };
		BAD35E3428BDC539001AD062 /* TechPodUITests.swift */ = {isa = PBXFileReference; lastKnownFileType = sourcecode.swift; path = TechPodUITests.swift; sourceTree = "<group>"; };
		BAD35E3628BDC539001AD062 /* TechPodUITestsLaunchTests.swift */ = {isa = PBXFileReference; lastKnownFileType = sourcecode.swift; path = TechPodUITestsLaunchTests.swift; sourceTree = "<group>"; };
/* End PBXFileReference section */

/* Begin PBXFrameworksBuildPhase section */
		BAD35E0D28BDC538001AD062 /* Frameworks */ = {
			isa = PBXFrameworksBuildPhase;
			buildActionMask = 2147483647;
			files = (
			);
			runOnlyForDeploymentPostprocessing = 0;
		};
		BAD35E2328BDC539001AD062 /* Frameworks */ = {
			isa = PBXFrameworksBuildPhase;
			buildActionMask = 2147483647;
			files = (
			);
			runOnlyForDeploymentPostprocessing = 0;
		};
		BAD35E2D28BDC539001AD062 /* Frameworks */ = {
			isa = PBXFrameworksBuildPhase;
			buildActionMask = 2147483647;
			files = (
			);
			runOnlyForDeploymentPostprocessing = 0;
		};
/* End PBXFrameworksBuildPhase section */

/* Begin PBXGroup section */
		BAD35E0728BDC538001AD062 = {
			isa = PBXGroup;
			children = (
				BAD35E1228BDC538001AD062 /* TechPod */,
				BAD35E2928BDC539001AD062 /* TechPodTests */,
				BAD35E3328BDC539001AD062 /* TechPodUITests */,
				BAD35E1128BDC538001AD062 /* Products */,
			);
			sourceTree = "<group>";
		};
		BAD35E1128BDC538001AD062 /* Products */ = {
			isa = PBXGroup;
			children = (
				BAD35E1028BDC538001AD062 /* TechPod.app */,
				BAD35E2628BDC539001AD062 /* TechPodTests.xctest */,
				BAD35E3028BDC539001AD062 /* TechPodUITests.xctest */,
			);
			name = Products;
			sourceTree = "<group>";
		};
		BAD35E1228BDC538001AD062 /* TechPod */ = {
			isa = PBXGroup;
			children = (
				BAD35E1328BDC538001AD062 /* AppDelegate.swift */,
				BAD35E1528BDC538001AD062 /* SceneDelegate.swift */,
				BAD35E1728BDC538001AD062 /* ViewController.swift */,
				BAD35E1928BDC538001AD062 /* Main.storyboard */,
				BAD35E1C28BDC539001AD062 /* Assets.xcassets */,
				BAD35E1E28BDC539001AD062 /* LaunchScreen.storyboard */,
				BAD35E2128BDC539001AD062 /* Info.plist */,
			);
			path = TechPod;
			sourceTree = "<group>";
		};
		BAD35E2928BDC539001AD062 /* TechPodTests */ = {
			isa = PBXGroup;
			children = (
				BAD35E2A28BDC539001AD062 /* TechPodTests.swift */,
			);
			path = TechPodTests;
			sourceTree = "<group>";
		};
		BAD35E3328BDC539001AD062 /* TechPodUITests */ = {
			isa = PBXGroup;
			children = (
				BAD35E3428BDC539001AD062 /* TechPodUITests.swift */,
				BAD35E3628BDC539001AD062 /* TechPodUITestsLaunchTests.swift */,
			);
			path = TechPodUITests;
			sourceTree = "<group>";
		};
/* End PBXGroup section */

/* Begin PBXNativeTarget section */
		BAD35E0F28BDC538001AD062 /* TechPod */ = {
			isa = PBXNativeTarget;
			buildConfigurationList = BAD35E3A28BDC539001AD062 /* Build configuration list for PBXNativeTarget "TechPod" */;
			buildPhases = (
				BAD35E0C28BDC538001AD062 /* Sources */,
				BAD35E0D28BDC538001AD062 /* Frameworks */,
				BAD35E0E28BDC538001AD062 /* Resources */,
			);
			buildRules = (
			);
			dependencies = (
			);
			name = TechPod;
			productName = TechPod;
			productReference = BAD35E1028BDC538001AD062 /* TechPod.app */;
			productType = "com.apple.product-type.application";
		};
		BAD35E2528BDC539001AD062 /* TechPodTests */ = {
			isa = PBXNativeTarget;
			buildConfigurationList = BAD35E3D28BDC539001AD062 /* Build configuration list for PBXNativeTarget "TechPodTests" */;
			buildPhases = (
				BAD35E2228BDC539001AD062 /* Sources */,
				BAD35E2328BDC539001AD062 /* Frameworks */,
				BAD35E2428BDC539001AD062 /* Resources */,
			);
			buildRules = (
			);
			dependencies = (
				BAD35E2828BDC539001AD062 /* PBXTargetDependency */,
			);
			name = TechPodTests;
			productName = TechPodTests;
			productReference = BAD35E2628BDC539001AD062 /* TechPodTests.xctest */;
			productType = "com.apple.product-type.bundle.unit-test";
		};
		BAD35E2F28BDC539001AD062 /* TechPodUITests */ = {
			isa = PBXNativeTarget;
			buildConfigurationList = BAD35E4028BDC539001AD062 /* Build configuration list for PBXNativeTarget "TechPodUITests" */;
			buildPhases = (
				BAD35E2C28BDC539001AD062 /* Sources */,
				BAD35E2D28BDC539001AD062 /* Frameworks */,
				BAD35E2E28BDC539001AD062 /* Resources */,
			);
			buildRules = (
			);
			dependencies = (
				BAD35E3228BDC539001AD062 /* PBXTargetDependency */,
			);
			name = TechPodUITests;
			productName = TechPodUITests;
			productReference = BAD35E3028BDC539001AD062 /* TechPodUITests.xctest */;
			productType = "com.apple.product-type.bundle.ui-testing";
		};
/* End PBXNativeTarget section */

/* Begin PBXProject section */
		BAD35E0828BDC538001AD062 /* Project object */ = {
			isa = PBXProject;
			attributes = {
				BuildIndependentTargetsInParallel = 1;
				LastSwiftUpdateCheck = 1340;
				LastUpgradeCheck = 1340;
				TargetAttributes = {
					BAD35E0F28BDC538001AD062 = {
						CreatedOnToolsVersion = 13.4.1;
					};
					BAD35E2528BDC539001AD062 = {
						CreatedOnToolsVersion = 13.4.1;
						TestTargetID = BAD35E0F28BDC538001AD062;
					};
					BAD35E2F28BDC539001AD062 = {
						CreatedOnToolsVersion = 13.4.1;
						TestTargetID = BAD35E0F28BDC538001AD062;
					};
				};
			};
			buildConfigurationList = BAD35E0B28BDC538001AD062 /* Build configuration list for PBXProject "TechPod" */;
			compatibilityVersion = "Xcode 13.0";
			developmentRegion = en;
			hasScannedForEncodings = 0;
			knownRegions = (
				en,
				Base,
			);
			mainGroup = BAD35E0728BDC538001AD062;
			productRefGroup = BAD35E1128BDC538001AD062 /* Products */;
			projectDirPath = "";
			projectRoot = "";
			targets = (
				BAD35E0F28BDC538001AD062 /* TechPod */,
				BAD35E2528BDC539001AD062 /* TechPodTests */,
				BAD35E2F28BDC539001AD062 /* TechPodUITests */,
			);
		};
/* End PBXProject section */

/* Begin PBXResourcesBuildPhase section */
		BAD35E0E28BDC538001AD062 /* Resources */ = {
			isa = PBXResourcesBuildPhase;
			buildActionMask = 2147483647;
			files = (
				BAD35E2028BDC539001AD062 /* LaunchScreen.storyboard in Resources */,
				BAD35E1D28BDC539001AD062 /* Assets.xcassets in Resources */,
				BAD35E1B28BDC538001AD062 /* Main.storyboard in Resources */,
			);
			runOnlyForDeploymentPostprocessing = 0;
		};
		BAD35E2428BDC539001AD062 /* Resources */ = {
			isa = PBXResourcesBuildPhase;
			buildActionMask = 2147483647;
			files = (
			);
			runOnlyForDeploymentPostprocessing = 0;
		};
		BAD35E2E28BDC539001AD062 /* Resources */ = {
			isa = PBXResourcesBuildPhase;
			buildActionMask = 2147483647;
			files = (
			);
			runOnlyForDeploymentPostprocessing = 0;
		};
/* End PBXResourcesBuildPhase section */

/* Begin PBXSourcesBuildPhase section */
		BAD35E0C28BDC538001AD062 /* Sources */ = {
			isa = PBXSourcesBuildPhase;
			buildActionMask = 2147483647;
			files = (
				BAD35E1828BDC538001AD062 /* ViewController.swift in Sources */,
				BAD35E1428BDC538001AD062 /* AppDelegate.swift in Sources */,
				BAD35E1628BDC538001AD062 /* SceneDelegate.swift in Sources */,
			);
			runOnlyForDeploymentPostprocessing = 0;
		};
		BAD35E2228BDC539001AD062 /* Sources */ = {
			isa = PBXSourcesBuildPhase;
			buildActionMask = 2147483647;
			files = (
				BAD35E2B28BDC539001AD062 /* TechPodTests.swift in Sources */,
			);
			runOnlyForDeploymentPostprocessing = 0;
		};
		BAD35E2C28BDC539001AD062 /* Sources */ = {
			isa = PBXSourcesBuildPhase;
			buildActionMask = 2147483647;
			files = (
				BAD35E3728BDC539001AD062 /* TechPodUITestsLaunchTests.swift in Sources */,
				BAD35E3528BDC539001AD062 /* TechPodUITests.swift in Sources */,
			);
			runOnlyForDeploymentPostprocessing = 0;
		};
/* End PBXSourcesBuildPhase section */

/* Begin PBXTargetDependency section */
		BAD35E2828BDC539001AD062 /* PBXTargetDependency */ = {
			isa = PBXTargetDependency;
			target = BAD35E0F28BDC538001AD062 /* TechPod */;
			targetProxy = BAD35E2728BDC539001AD062 /* PBXContainerItemProxy */;
		};
		BAD35E3228BDC539001AD062 /* PBXTargetDependency */ = {
			isa = PBXTargetDependency;
			target = BAD35E0F28BDC538001AD062 /* TechPod */;
			targetProxy = BAD35E3128BDC539001AD062 /* PBXContainerItemProxy */;
		};
/* End PBXTargetDependency section */

/* Begin PBXVariantGroup section */
		BAD35E1928BDC538001AD062 /* Main.storyboard */ = {
			isa = PBXVariantGroup;
			children = (
				BAD35E1A28BDC538001AD062 /* Base */,
			);
			name = Main.storyboard;
			sourceTree = "<group>";
		};
		BAD35E1E28BDC539001AD062 /* LaunchScreen.storyboard */ = {
			isa = PBXVariantGroup;
			children = (
				BAD35E1F28BDC539001AD062 /* Base */,
			);
			name = LaunchScreen.storyboard;
			sourceTree = "<group>";
		};
/* End PBXVariantGroup section */

/* Begin XCBuildConfiguration section */
		BAD35E3828BDC539001AD062 /* Debug */ = {
			isa = XCBuildConfiguration;
			buildSettings = {
				ALWAYS_SEARCH_USER_PATHS = NO;
				CLANG_ANALYZER_NONNULL = YES;
				CLANG_ANALYZER_NUMBER_OBJECT_CONVERSION = YES_AGGRESSIVE;
				CLANG_CXX_LANGUAGE_STANDARD = "gnu++17";
				CLANG_ENABLE_MODULES = YES;
				CLANG_ENABLE_OBJC_ARC = YES;
				CLANG_ENABLE_OBJC_WEAK = YES;
				CLANG_WARN_BLOCK_CAPTURE_AUTORELEASING = YES;
				CLANG_WARN_BOOL_CONVERSION = YES;
				CLANG_WARN_COMMA = YES;
				CLANG_WARN_CONSTANT_CONVERSION = YES;
				CLANG_WARN_DEPRECATED_OBJC_IMPLEMENTATIONS = YES;
				CLANG_WARN_DIRECT_OBJC_ISA_USAGE = YES_ERROR;
				CLANG_WARN_DOCUMENTATION_COMMENTS = YES;
				CLANG_WARN_EMPTY_BODY = YES;
				CLANG_WARN_ENUM_CONVERSION = YES;
				CLANG_WARN_INFINITE_RECURSION = YES;
				CLANG_WARN_INT_CONVERSION = YES;
				CLANG_WARN_NON_LITERAL_NULL_CONVERSION = YES;
				CLANG_WARN_OBJC_IMPLICIT_RETAIN_SELF = YES;
				CLANG_WARN_OBJC_LITERAL_CONVERSION = YES;
				CLANG_WARN_OBJC_ROOT_CLASS = YES_ERROR;
				CLANG_WARN_QUOTED_INCLUDE_IN_FRAMEWORK_HEADER = YES;
				CLANG_WARN_RANGE_LOOP_ANALYSIS = YES;
				CLANG_WARN_STRICT_PROTOTYPES = YES;
				CLANG_WARN_SUSPICIOUS_MOVE = YES;
				CLANG_WARN_UNGUARDED_AVAILABILITY = YES_AGGRESSIVE;
				CLANG_WARN_UNREACHABLE_CODE = YES;
				CLANG_WARN__DUPLICATE_METHOD_MATCH = YES;
				COPY_PHASE_STRIP = NO;
				DEBUG_INFORMATION_FORMAT = dwarf;
				ENABLE_STRICT_OBJC_MSGSEND = YES;
				ENABLE_TESTABILITY = YES;
				GCC_C_LANGUAGE_STANDARD = gnu11;
				GCC_DYNAMIC_NO_PIC = NO;
				GCC_NO_COMMON_BLOCKS = YES;
				GCC_OPTIMIZATION_LEVEL = 0;
				GCC_PREPROCESSOR_DEFINITIONS = (
					"DEBUG=1",
					"$(inherited)",
				);
				GCC_WARN_64_TO_32_BIT_CONVERSION = YES;
				GCC_WARN_ABOUT_RETURN_TYPE = YES_ERROR;
				GCC_WARN_UNDECLARED_SELECTOR = YES;
				GCC_WARN_UNINITIALIZED_AUTOS = YES_AGGRESSIVE;
				GCC_WARN_UNUSED_FUNCTION = YES;
				GCC_WARN_UNUSED_VARIABLE = YES;
				IPHONEOS_DEPLOYMENT_TARGET = 15.5;
				MTL_ENABLE_DEBUG_INFO = INCLUDE_SOURCE;
				MTL_FAST_MATH = YES;
				ONLY_ACTIVE_ARCH = YES;
				SDKROOT = iphoneos;
				SWIFT_ACTIVE_COMPILATION_CONDITIONS = DEBUG;
				SWIFT_OPTIMIZATION_LEVEL = "-Onone";
			};
			name = Debug;
		};
		BAD35E3928BDC539001AD062 /* Release */ = {
			isa = XCBuildConfiguration;
			buildSettings = {
				ALWAYS_SEARCH_USER_PATHS = NO;
				CLANG_ANALYZER_NONNULL = YES;
				CLANG_ANALYZER_NUMBER_OBJECT_CONVERSION = YES_AGGRESSIVE;
				CLANG_CXX_LANGUAGE_STANDARD = "gnu++17";
				CLANG_ENABLE_MODULES = YES;
				CLANG_ENABLE_OBJC_ARC = YES;
				CLANG_ENABLE_OBJC_WEAK = YES;
				CLANG_WARN_BLOCK_CAPTURE_AUTORELEASING = YES;
				CLANG_WARN_BOOL_CONVERSION = YES;
				CLANG_WARN_COMMA = YES;
				CLANG_WARN_CONSTANT_CONVERSION = YES;
				CLANG_WARN_DEPRECATED_OBJC_IMPLEMENTATIONS = YES;
				CLANG_WARN_DIRECT_OBJC_ISA_USAGE = YES_ERROR;
				CLANG_WARN_DOCUMENTATION_COMMENTS = YES;
				CLANG_WARN_EMPTY_BODY = YES;
				CLANG_WARN_ENUM_CONVERSION = YES;
				CLANG_WARN_INFINITE_RECURSION = YES;
				CLANG_WARN_INT_CONVERSION = YES;
				CLANG_WARN_NON_LITERAL_NULL_CONVERSION = YES;
				CLANG_WARN_OBJC_IMPLICIT_RETAIN_SELF = YES;
				CLANG_WARN_OBJC_LITERAL_CONVERSION = YES;
				CLANG_WARN_OBJC_ROOT_CLASS = YES_ERROR;
				CLANG_WARN_QUOTED_INCLUDE_IN_FRAMEWORK_HEADER = YES;
				CLANG_WARN_RANGE_LOOP_ANALYSIS = YES;
				CLANG_WARN_STRICT_PROTOTYPES = YES;
				CLANG_WARN_SUSPICIOUS_MOVE = YES;
				CLANG_WARN_UNGUARDED_AVAILABILITY = YES_AGGRESSIVE;
				CLANG_WARN_UNREACHABLE_CODE = YES;
				CLANG_WARN__DUPLICATE_METHOD_MATCH = YES;
				COPY_PHASE_STRIP = NO;
				DEBUG_INFORMATION_FORMAT = "dwarf-with-dsym";
				ENABLE_NS_ASSERTIONS = NO;
				ENABLE_STRICT_OBJC_MSGSEND = YES;
				GCC_C_LANGUAGE_STANDARD = gnu11;
				GCC_NO_COMMON_BLOCKS = YES;
				GCC_WARN_64_TO_32_BIT_CONVERSION = YES;
				GCC_WARN_ABOUT_RETURN_TYPE = YES_ERROR;
				GCC_WARN_UNDECLARED_SELECTOR = YES;
				GCC_WARN_UNINITIALIZED_AUTOS = YES_AGGRESSIVE;
				GCC_WARN_UNUSED_FUNCTION = YES;
				GCC_WARN_UNUSED_VARIABLE = YES;
				IPHONEOS_DEPLOYMENT_TARGET = 15.5;
				MTL_ENABLE_DEBUG_INFO = NO;
				MTL_FAST_MATH = YES;
				SDKROOT = iphoneos;
				SWIFT_COMPILATION_MODE = wholemodule;
				SWIFT_OPTIMIZATION_LEVEL = "-O";
				VALIDATE_PRODUCT = YES;
			};
			name = Release;
		};
		BAD35E3B28BDC539001AD062 /* Debug */ = {
			isa = XCBuildConfiguration;
			buildSettings = {
				ASSETCATALOG_COMPILER_APPICON_NAME = AppIcon;
				ASSETCATALOG_COMPILER_GLOBAL_ACCENT_COLOR_NAME = AccentColor;
				CODE_SIGN_STYLE = Automatic;
				CURRENT_PROJECT_VERSION = 1;
				GENERATE_INFOPLIST_FILE = YES;
				INFOPLIST_FILE = TechPod/Info.plist;
				INFOPLIST_KEY_UIApplicationSupportsIndirectInputEvents = YES;
				INFOPLIST_KEY_UILaunchStoryboardName = LaunchScreen;
				INFOPLIST_KEY_UIMainStoryboardFile = Main;
				INFOPLIST_KEY_UISupportedInterfaceOrientations_iPad = "UIInterfaceOrientationPortrait UIInterfaceOrientationPortraitUpsideDown UIInterfaceOrientationLandscapeLeft UIInterfaceOrientationLandscapeRight";
				INFOPLIST_KEY_UISupportedInterfaceOrientations_iPhone = "UIInterfaceOrientationPortrait UIInterfaceOrientationLandscapeLeft UIInterfaceOrientationLandscapeRight";
				LD_RUNPATH_SEARCH_PATHS = (
					"$(inherited)",
					"@executable_path/Frameworks",
				);
				MARKETING_VERSION = 1.0;
				PRODUCT_BUNDLE_IDENTIFIER = com.lifetech.TechPod;
				PRODUCT_NAME = "$(TARGET_NAME)";
				SWIFT_EMIT_LOC_STRINGS = YES;
				SWIFT_VERSION = 5.0;
				TARGETED_DEVICE_FAMILY = "1,2";
			};
			name = Debug;
		};
		BAD35E3C28BDC539001AD062 /* Release */ = {
			isa = XCBuildConfiguration;
			buildSettings = {
				ASSETCATALOG_COMPILER_APPICON_NAME = AppIcon;
				ASSETCATALOG_COMPILER_GLOBAL_ACCENT_COLOR_NAME = AccentColor;
				CODE_SIGN_STYLE = Automatic;
				CURRENT_PROJECT_VERSION = 1;
				GENERATE_INFOPLIST_FILE = YES;
				INFOPLIST_FILE = TechPod/Info.plist;
				INFOPLIST_KEY_UIApplicationSupportsIndirectInputEvents = YES;
				INFOPLIST_KEY_UILaunchStoryboardName = LaunchScreen;
				INFOPLIST_KEY_UIMainStoryboardFile = Main;
				INFOPLIST_KEY_UISupportedInterfaceOrientations_iPad = "UIInterfaceOrientationPortrait UIInterfaceOrientationPortraitUpsideDown UIInterfaceOrientationLandscapeLeft UIInterfaceOrientationLandscapeRight";
				INFOPLIST_KEY_UISupportedInterfaceOrientations_iPhone = "UIInterfaceOrientationPortrait UIInterfaceOrientationLandscapeLeft UIInterfaceOrientationLandscapeRight";
				LD_RUNPATH_SEARCH_PATHS = (
					"$(inherited)",
					"@executable_path/Frameworks",
				);
				MARKETING_VERSION = 1.0;
				PRODUCT_BUNDLE_IDENTIFIER = com.lifetech.TechPod;
				PRODUCT_NAME = "$(TARGET_NAME)";
				SWIFT_EMIT_LOC_STRINGS = YES;
				SWIFT_VERSION = 5.0;
				TARGETED_DEVICE_FAMILY = "1,2";
			};
			name = Release;
		};
		BAD35E3E28BDC539001AD062 /* Debug */ = {
			isa = XCBuildConfiguration;
			buildSettings = {
				ALWAYS_EMBED_SWIFT_STANDARD_LIBRARIES = YES;
				BUNDLE_LOADER = "$(TEST_HOST)";
				CODE_SIGN_STYLE = Automatic;
				CURRENT_PROJECT_VERSION = 1;
				GENERATE_INFOPLIST_FILE = YES;
				IPHONEOS_DEPLOYMENT_TARGET = 15.5;
				MARKETING_VERSION = 1.0;
				PRODUCT_BUNDLE_IDENTIFIER = com.lifetech.TechPodTests;
				PRODUCT_NAME = "$(TARGET_NAME)";
				SWIFT_EMIT_LOC_STRINGS = NO;
				SWIFT_VERSION = 5.0;
				TARGETED_DEVICE_FAMILY = "1,2";
				TEST_HOST = "$(BUILT_PRODUCTS_DIR)/TechPod.app/TechPod";
			};
			name = Debug;
		};
		BAD35E3F28BDC539001AD062 /* Release */ = {
			isa = XCBuildConfiguration;
			buildSettings = {
				ALWAYS_EMBED_SWIFT_STANDARD_LIBRARIES = YES;
				BUNDLE_LOADER = "$(TEST_HOST)";
				CODE_SIGN_STYLE = Automatic;
				CURRENT_PROJECT_VERSION = 1;
				GENERATE_INFOPLIST_FILE = YES;
				IPHONEOS_DEPLOYMENT_TARGET = 15.5;
				MARKETING_VERSION = 1.0;
				PRODUCT_BUNDLE_IDENTIFIER = com.lifetech.TechPodTests;
				PRODUCT_NAME = "$(TARGET_NAME)";
				SWIFT_EMIT_LOC_STRINGS = NO;
				SWIFT_VERSION = 5.0;
				TARGETED_DEVICE_FAMILY = "1,2";
				TEST_HOST = "$(BUILT_PRODUCTS_DIR)/TechPod.app/TechPod";
			};
			name = Release;
		};
		BAD35E4128BDC539001AD062 /* Debug */ = {
			isa = XCBuildConfiguration;
			buildSettings = {
				ALWAYS_EMBED_SWIFT_STANDARD_LIBRARIES = YES;
				CODE_SIGN_STYLE = Automatic;
				CURRENT_PROJECT_VERSION = 1;
				GENERATE_INFOPLIST_FILE = YES;
				MARKETING_VERSION = 1.0;
				PRODUCT_BUNDLE_IDENTIFIER = com.lifetech.TechPodUITests;
				PRODUCT_NAME = "$(TARGET_NAME)";
				SWIFT_EMIT_LOC_STRINGS = NO;
				SWIFT_VERSION = 5.0;
				TARGETED_DEVICE_FAMILY = "1,2";
				TEST_TARGET_NAME = TechPod;
			};
			name = Debug;
		};
		BAD35E4228BDC539001AD062 /* Release */ = {
			isa = XCBuildConfiguration;
			buildSettings = {
				ALWAYS_EMBED_SWIFT_STANDARD_LIBRARIES = YES;
				CODE_SIGN_STYLE = Automatic;
				CURRENT_PROJECT_VERSION = 1;
				GENERATE_INFOPLIST_FILE = YES;
				MARKETING_VERSION = 1.0;
				PRODUCT_BUNDLE_IDENTIFIER = com.lifetech.TechPodUITests;
				PRODUCT_NAME = "$(TARGET_NAME)";
				SWIFT_EMIT_LOC_STRINGS = NO;
				SWIFT_VERSION = 5.0;
				TARGETED_DEVICE_FAMILY = "1,2";
				TEST_TARGET_NAME = TechPod;
			};
			name = Release;
		};
/* End XCBuildConfiguration section */

/* Begin XCConfigurationList section */
		BAD35E0B28BDC538001AD062 /* Build configuration list for PBXProject "TechPod" */ = {
			isa = XCConfigurationList;
			buildConfigurations = (
				BAD35E3828BDC539001AD062 /* Debug */,
				BAD35E3928BDC539001AD062 /* Release */,
			);
			defaultConfigurationIsVisible = 0;
			defaultConfigurationName = Release;
		};
		BAD35E3A28BDC539001AD062 /* Build configuration list for PBXNativeTarget "TechPod" */ = {
			isa = XCConfigurationList;
			buildConfigurations = (
				BAD35E3B28BDC539001AD062 /* Debug */,
				BAD35E3C28BDC539001AD062 /* Release */,
			);
			defaultConfigurationIsVisible = 0;
			defaultConfigurationName = Release;
		};
		BAD35E3D28BDC539001AD062 /* Build configuration list for PBXNativeTarget "TechPodTests" */ = {
			isa = XCConfigurationList;
			buildConfigurations = (
				BAD35E3E28BDC539001AD062 /* Debug */,
				BAD35E3F28BDC539001AD062 /* Release */,
			);
			defaultConfigurationIsVisible = 0;
			defaultConfigurationName = Release;
		};
		BAD35E4028BDC539001AD062 /* Build configuration list for PBXNativeTarget "TechPodUITests" */ = {
			isa = XCConfigurationList;
			buildConfigurations = (
				BAD35E4128BDC539001AD062 /* Debug */,
				BAD35E4228BDC539001AD062 /* Release */,
			);
			defaultConfigurationIsVisible = 0;
			defaultConfigurationName = Release;
		};
/* End XCConfigurationList section */
	};
	rootObject = BAD35E0828BDC538001AD062 /* Project object */;
}
